{
  "name": "playground",
  "lockfileVersion": 3,
  "requires": true,
  "packages": {
    "": {
      "dependencies": {
        "@esbuild/darwin-x64": "^0.18.15"
      }
    },
    "node_modules/@esbuild/darwin-x64": {
      "version": "0.18.15",
      "resolved": "https://registry.npmjs.org/@esbuild/darwin-x64/-/darwin-x64-0.18.15.tgz",
      "integrity": "sha512-bMqBmpw1e//7Fh5GLetSZaeo9zSC4/CMtrVFdj+bqKPGJuKyfNJ5Nf2m3LknKZTS+Q4oyPiON+v3eaJ59sLB5A==",
      "cpu": [
        "x64"
      ],
      "os": [
        "darwin"
      ],
      "engines": {
        "node": ">=12"
      }
    }
  }
}
